
Microsoft Visual Studio Solution File, Format Version 12.00
# Visual Studio Version 16
VisualStudioVersion = 16.0.29926.136
MinimumVisualStudioVersion = 10.0.40219.1
Project("{2150E333-8FDC-42A3-9474-1A3956D46DE8}") = "Solution Items", "Solution Items", "{3A1C685C-E0C3-4C31-9505-254835907B52}"
	ProjectSection(SolutionItems) = preProject
		.editorconfig = .editorconfig
		.gitignore = .gitignore
		README.md = README.md
	EndProjectSection
EndProject
Project("{9A19103F-16F7-4668-BE54-9A1E7A4F7556}") = "App", "src\App\App.csproj", "{05007156-5A33-41BA-BD2A-E3A51CC95F50}"
EndProject
Project("{FAE04EC0-301F-11D3-BF4B-00C04F79EFBC}") = "App.Android", "src\App.Android\App.Android.csproj", "{E7A3995A-1985-449D-BB47-E2E32A923669}"
EndProject
Project("{FAE04EC0-301F-11D3-BF4B-00C04F79EFBC}") = "App.iOS", "src\App.iOS\App.iOS.csproj", "{19A14062-CAF1-4860-894F-657E5C699672}"
EndProject
Project("{2150E333-8FDC-42A3-9474-1A3956D46DE8}") = "Screenshots", "Screenshots", "{FD7E913F-7A22-4EC1-BD2E-92BFB13E6DAB}"
	ProjectSection(SolutionItems) = preProject
		Screenshots\app-funcionando.gif = Screenshots\app-funcionando.gif
		Screenshots\list-delete.png = Screenshots\list-delete.png
		Screenshots\list-normal.png = Screenshots\list-normal.png
		Screenshots\list-refreshing.png = Screenshots\list-refreshing.png
		Screenshots\menu-master.png = Screenshots\menu-master.png
		Screenshots\sobre.png = Screenshots\sobre.png
	EndProjectSection
EndProject
Global
	GlobalSection(SolutionConfigurationPlatforms) = preSolution
		Ad-Hoc|Any CPU = Ad-Hoc|Any CPU
		Ad-Hoc|iPhone = Ad-Hoc|iPhone
		Ad-Hoc|iPhoneSimulator = Ad-Hoc|iPhoneSimulator
		AppStore|Any CPU = AppStore|Any CPU
		AppStore|iPhone = AppStore|iPhone
		AppStore|iPhoneSimulator = AppStore|iPhoneSimulator
		Debug|Any CPU = Debug|Any CPU
		Debug|iPhone = Debug|iPhone
		Debug|iPhoneSimulator = Debug|iPhoneSimulator
		Release|Any CPU = Release|Any CPU
		Release|iPhone = Release|iPhone
		Release|iPhoneSimulator = Release|iPhoneSimulator
	EndGlobalSection
	GlobalSection(ProjectConfigurationPlatforms) = postSolution
		{05007156-5A33-41BA-BD2A-E3A51CC95F50}.Ad-Hoc|Any CPU.ActiveCfg = Debug|Any CPU
		{05007156-5A33-41BA-BD2A-E3A51CC95F50}.Ad-Hoc|Any CPU.Build.0 = Debug|Any CPU
		{05007156-5A33-41BA-BD2A-E3A51CC95F50}.Ad-Hoc|iPhone.ActiveCfg = Debug|Any CPU
		{05007156-5A33-41BA-BD2A-E3A51CC95F50}.Ad-Hoc|iPhone.Build.0 = Debug|Any CPU
		{05007156-5A33-41BA-BD2A-E3A51CC95F50}.Ad-Hoc|iPhoneSimulator.ActiveCfg = Debug|Any CPU
		{05007156-5A33-41BA-BD2A-E3A51CC95F50}.Ad-Hoc|iPhoneSimulator.Build.0 = Debug|Any CPU
		{05007156-5A33-41BA-BD2A-E3A51CC95F50}.AppStore|Any CPU.ActiveCfg = Debug|Any CPU
		{05007156-5A33-41BA-BD2A-E3A51CC95F50}.AppStore|Any CPU.Build.0 = Debug|Any CPU
		{05007156-5A33-41BA-BD2A-E3A51CC95F50}.AppStore|iPhone.ActiveCfg = Debug|Any CPU
		{05007156-5A33-41BA-BD2A-E3A51CC95F50}.AppStore|iPhone.Build.0 = Debug|Any CPU
		{05007156-5A33-41BA-BD2A-E3A51CC95F50}.AppStore|iPhoneSimulator.ActiveCfg = Debug|Any CPU
		{05007156-5A33-41BA-BD2A-E3A51CC95F50}.AppStore|iPhoneSimulator.Build.0 = Debug|Any CPU
		{05007156-5A33-41BA-BD2A-E3A51CC95F50}.Debug|Any CPU.ActiveCfg = Debug|Any CPU
		{05007156-5A33-41BA-BD2A-E3A51CC95F50}.Debug|Any CPU.Build.0 = Debug|Any CPU
		{05007156-5A33-41BA-BD2A-E3A51CC95F50}.Debug|iPhone.ActiveCfg = Debug|Any CPU
		{05007156-5A33-41BA-BD2A-E3A51CC95F50}.Debug|iPhone.Build.0 = Debug|Any CPU
		{05007156-5A33-41BA-BD2A-E3A51CC95F50}.Debug|iPhoneSimulator.ActiveCfg = Debug|Any CPU
		{05007156-5A33-41BA-BD2A-E3A51CC95F50}.Debug|iPhoneSimulator.Build.0 = Debug|Any CPU
		{05007156-5A33-41BA-BD2A-E3A51CC95F50}.Release|Any CPU.ActiveCfg = Release|Any CPU
		{05007156-5A33-41BA-BD2A-E3A51CC95F50}.Release|Any CPU.Build.0 = Release|Any CPU
		{05007156-5A33-41BA-BD2A-E3A51CC95F50}.Release|iPhone.ActiveCfg = Release|Any CPU
		{05007156-5A33-41BA-BD2A-E3A51CC95F50}.Release|iPhone.Build.0 = Release|Any CPU
		{05007156-5A33-41BA-BD2A-E3A51CC95F50}.Release|iPhoneSimulator.ActiveCfg = Release|Any CPU
		{05007156-5A33-41BA-BD2A-E3A51CC95F50}.Release|iPhoneSimulator.Build.0 = Release|Any CPU
		{E7A3995A-1985-449D-BB47-E2E32A923669}.Ad-Hoc|Any CPU.ActiveCfg = Release|Any CPU
		{E7A3995A-1985-449D-BB47-E2E32A923669}.Ad-Hoc|Any CPU.Build.0 = Release|Any CPU
		{E7A3995A-1985-449D-BB47-E2E32A923669}.Ad-Hoc|Any CPU.Deploy.0 = Release|Any CPU
		{E7A3995A-1985-449D-BB47-E2E32A923669}.Ad-Hoc|iPhone.ActiveCfg = Release|Any CPU
		{E7A3995A-1985-449D-BB47-E2E32A923669}.Ad-Hoc|iPhone.Build.0 = Release|Any CPU
		{E7A3995A-1985-449D-BB47-E2E32A923669}.Ad-Hoc|iPhone.Deploy.0 = Release|Any CPU
		{E7A3995A-1985-449D-BB47-E2E32A923669}.Ad-Hoc|iPhoneSimulator.ActiveCfg = Release|Any CPU
		{E7A3995A-1985-449D-BB47-E2E32A923669}.Ad-Hoc|iPhoneSimulator.Build.0 = Release|Any CPU
		{E7A3995A-1985-449D-BB47-E2E32A923669}.Ad-Hoc|iPhoneSimulator.Deploy.0 = Release|Any CPU
		{E7A3995A-1985-449D-BB47-E2E32A923669}.AppStore|Any CPU.ActiveCfg = Release|Any CPU
		{E7A3995A-1985-449D-BB47-E2E32A923669}.AppStore|Any CPU.Build.0 = Release|Any CPU
		{E7A3995A-1985-449D-BB47-E2E32A923669}.AppStore|Any CPU.Deploy.0 = Release|Any CPU
		{E7A3995A-1985-449D-BB47-E2E32A923669}.AppStore|iPhone.ActiveCfg = Release|Any CPU
		{E7A3995A-1985-449D-BB47-E2E32A923669}.AppStore|iPhone.Build.0 = Release|Any CPU
		{E7A3995A-1985-449D-BB47-E2E32A923669}.AppStore|iPhone.Deploy.0 = Release|Any CPU
		{E7A3995A-1985-449D-BB47-E2E32A923669}.AppStore|iPhoneSimulator.ActiveCfg = Release|Any CPU
		{E7A3995A-1985-449D-BB47-E2E32A923669}.AppStore|iPhoneSimulator.Build.0 = Release|Any CPU
		{E7A3995A-1985-449D-BB47-E2E32A923669}.AppStore|iPhoneSimulator.Deploy.0 = Release|Any CPU
		{E7A3995A-1985-449D-BB47-E2E32A923669}.Debug|Any CPU.ActiveCfg = Debug|Any CPU
		{E7A3995A-1985-449D-BB47-E2E32A923669}.Debug|Any CPU.Build.0 = Debug|Any CPU
		{E7A3995A-1985-449D-BB47-E2E32A923669}.Debug|Any CPU.Deploy.0 = Debug|Any CPU
		{E7A3995A-1985-449D-BB47-E2E32A923669}.Debug|iPhone.ActiveCfg = Debug|Any CPU
		{E7A3995A-1985-449D-BB47-E2E32A923669}.Debug|iPhone.Build.0 = Debug|Any CPU
		{E7A3995A-1985-449D-BB47-E2E32A923669}.Debug|iPhone.Deploy.0 = Debug|Any CPU
		{E7A3995A-1985-449D-BB47-E2E32A923669}.Debug|iPhoneSimulator.ActiveCfg = Debug|Any CPU
		{E7A3995A-1985-449D-BB47-E2E32A923669}.Debug|iPhoneSimulator.Build.0 = Debug|Any CPU
		{E7A3995A-1985-449D-BB47-E2E32A923669}.Debug|iPhoneSimulator.Deploy.0 = Debug|Any CPU
		{E7A3995A-1985-449D-BB47-E2E32A923669}.Release|Any CPU.ActiveCfg = Release|Any CPU
		{E7A3995A-1985-449D-BB47-E2E32A923669}.Release|Any CPU.Build.0 = Release|Any CPU
		{E7A3995A-1985-449D-BB47-E2E32A923669}.Release|Any CPU.Deploy.0 = Release|Any CPU
		{E7A3995A-1985-449D-BB47-E2E32A923669}.Release|iPhone.ActiveCfg = Release|Any CPU
		{E7A3995A-1985-449D-BB47-E2E32A923669}.Release|iPhone.Build.0 = Release|Any CPU
		{E7A3995A-1985-449D-BB47-E2E32A923669}.Release|iPhone.Deploy.0 = Release|Any CPU
		{E7A3995A-1985-449D-BB47-E2E32A923669}.Release|iPhoneSimulator.ActiveCfg = Release|Any CPU
		{E7A3995A-1985-449D-BB47-E2E32A923669}.Release|iPhoneSimulator.Build.0 = Release|Any CPU
		{E7A3995A-1985-449D-BB47-E2E32A923669}.Release|iPhoneSimulator.Deploy.0 = Release|Any CPU
		{19A14062-CAF1-4860-894F-657E5C699672}.Ad-Hoc|Any CPU.ActiveCfg = Ad-Hoc|iPhone
		{19A14062-CAF1-4860-894F-657E5C699672}.Ad-Hoc|iPhone.ActiveCfg = Ad-Hoc|iPhone
		{19A14062-CAF1-4860-894F-657E5C699672}.Ad-Hoc|iPhone.Build.0 = Ad-Hoc|iPhone
		{19A14062-CAF1-4860-894F-657E5C699672}.Ad-Hoc|iPhoneSimulator.ActiveCfg = Ad-Hoc|iPhoneSimulator
		{19A14062-CAF1-4860-894F-657E5C699672}.Ad-Hoc|iPhoneSimulator.Build.0 = Ad-Hoc|iPhoneSimulator
		{19A14062-CAF1-4860-894F-657E5C699672}.AppStore|Any CPU.ActiveCfg = AppStore|iPhone
		{19A14062-CAF1-4860-894F-657E5C699672}.AppStore|iPhone.ActiveCfg = AppStore|iPhone
		{19A14062-CAF1-4860-894F-657E5C699672}.AppStore|iPhone.Build.0 = AppStore|iPhone
		{19A14062-CAF1-4860-894F-657E5C699672}.AppStore|iPhoneSimulator.ActiveCfg = AppStore|iPhoneSimulator
		{19A14062-CAF1-4860-894F-657E5C699672}.AppStore|iPhoneSimulator.Build.0 = AppStore|iPhoneSimulator
		{19A14062-CAF1-4860-894F-657E5C699672}.Debug|Any CPU.ActiveCfg = Debug|iPhone
		{19A14062-CAF1-4860-894F-657E5C699672}.Debug|iPhone.ActiveCfg = Debug|iPhone
		{19A14062-CAF1-4860-894F-657E5C699672}.Debug|iPhone.Build.0 = Debug|iPhone
		{19A14062-CAF1-4860-894F-657E5C699672}.Debug|iPhoneSimulator.ActiveCfg = Debug|iPhoneSimulator
		{19A14062-CAF1-4860-894F-657E5C699672}.Debug|iPhoneSimulator.Build.0 = Debug|iPhoneSimulator
		{19A14062-CAF1-4860-894F-657E5C699672}.Release|Any CPU.ActiveCfg = Release|iPhone
		{19A14062-CAF1-4860-894F-657E5C699672}.Release|iPhone.ActiveCfg = Release|iPhone
		{19A14062-CAF1-4860-894F-657E5C699672}.Release|iPhone.Build.0 = Release|iPhone
		{19A14062-CAF1-4860-894F-657E5C699672}.Release|iPhoneSimulator.ActiveCfg = Release|iPhoneSimulator
		{19A14062-CAF1-4860-894F-657E5C699672}.Release|iPhoneSimulator.Build.0 = Release|iPhoneSimulator
	EndGlobalSection
	GlobalSection(SolutionProperties) = preSolution
		HideSolutionNode = FALSE
	EndGlobalSection
	GlobalSection(NestedProjects) = preSolution
		{FD7E913F-7A22-4EC1-BD2E-92BFB13E6DAB} = {3A1C685C-E0C3-4C31-9505-254835907B52}
	EndGlobalSection
	GlobalSection(ExtensibilityGlobals) = postSolution
		SolutionGuid = {CC6BB515-6806-4F24-A3A1-29DFF4F6ED68}
	EndGlobalSection
EndGlobal
